schema: '2.0'
stages:
  save_from_hub:
    cmd: python ../../scripts/save_local_from_hub.py --key Wellcome/WellcomeBertMesh
      --out_path ../../models/WellcomeBertMesh-fromhub-11-07-2023
    outs:
    - path: ../../models/WellcomeBertMesh-fromhub-11-07-2023
      md5: 918d408f3f0123641a0c989b78a0efde.dir
      size: 650097867
      nfiles: 6
